// !$*UTF8*$!
{
	archiveVersion = 1;
	classes = {
	};
	objectVersion = 48;
	objects = {

/* Begin PBXBuildFile section */
		B01169671FE3DE5E002D97C4 /* AppDelegate.swift in Sources */ = {isa = PBXBuildFile; fileRef = B01169661FE3DE5E002D97C4 /* AppDelegate.swift */; };
		B01169791FE3DE5E002D97C4 /* Main.storyboard in Resources */ = {isa = PBXBuildFile; fileRef = B01169771FE3DE5E002D97C4 /* Main.storyboard */; };
		B011697C1FE3DE5E002D97C4 /* ViewController.swift in Sources */ = {isa = PBXBuildFile; fileRef = B011697B1FE3DE5E002D97C4 /* ViewController.swift */; };
		B011697F1FE3DE5E002D97C4 /* Model.swift in Sources */ = {isa = PBXBuildFile; fileRef = B011697E1FE3DE5E002D97C4 /* Model.swift */; };
		B01169811FE3DE5E002D97C4 /* Assets.xcassets in Resources */ = {isa = PBXBuildFile; fileRef = B01169801FE3DE5E002D97C4 /* Assets.xcassets */; };
		B01169841FE3DE5E002D97C4 /* LaunchScreen.storyboard in Resources */ = {isa = PBXBuildFile; fileRef = B01169821FE3DE5E002D97C4 /* LaunchScreen.storyboard */; };
		B011698F1FE3DE5E002D97C4 /* templateiOSAppTests.swift in Sources */ = {isa = PBXBuildFile; fileRef = B011698E1FE3DE5E002D97C4 /* templateiOSAppTests.swift */; };
		B011699A1FE3DE5E002D97C4 /* templateiOSAppUITests.swift in Sources */ = {isa = PBXBuildFile; fileRef = B01169991FE3DE5E002D97C4 /* templateiOSAppUITests.swift */; };
/* End PBXBuildFile section */

/* Begin PBXContainerItemProxy section */
		B011698B1FE3DE5E002D97C4 /* PBXContainerItemProxy */ = {
			isa = PBXContainerItemProxy;
			containerPortal = B011695B1FE3DE5E002D97C4 /* Project object */;
			proxyType = 1;
			remoteGlobalIDString = B01169621FE3DE5E002D97C4;
			remoteInfo = templateiOSApp;
		};
		B01169961FE3DE5E002D97C4 /* PBXContainerItemProxy */ = {
			isa = PBXContainerItemProxy;
			containerPortal = B011695B1FE3DE5E002D97C4 /* Project object */;
			proxyType = 1;
			remoteGlobalIDString = B01169621FE3DE5E002D97C4;
			remoteInfo = templateiOSApp;
		};
/* End PBXContainerItemProxy section */

/* Begin PBXFileReference section */
		B01169631FE3DE5E002D97C4 /* templateiOSApp.app */ = {isa = PBXFileReference; explicitFileType = wrapper.application; includeInIndex = 0; path = templateiOSApp.app; sourceTree = BUILT_PRODUCTS_DIR; };
		B01169661FE3DE5E002D97C4 /* AppDelegate.swift */ = {isa = PBXFileReference; lastKnownFileType = sourcecode.swift; path = AppDelegate.swift; sourceTree = "<group>"; };
		B01169691FE3DE5E002D97C4 /* README.md */ = {isa = PBXFileReference; lastKnownFileType = net.daringfireball.markdown; name = README.md; path = ../README.md; sourceTree = "<group>"; };
		B011696A1FE3DE5E002D97C4 /* LICENSE */ = {isa = PBXFileReference; lastKnownFileType = text; name = LICENSE; path = ../LICENSE; sourceTree = "<group>"; };
		B011696B1FE3DE5E002D97C4 /* CHANGELOG.md */ = {isa = PBXFileReference; lastKnownFileType = net.daringfireball.markdown; name = CHANGELOG.md; path = ../CHANGELOG.md; sourceTree = "<group>"; };
		B011696C1FE3DE5E002D97C4 /* .gitignore */ = {isa = PBXFileReference; lastKnownFileType = text; name = .gitignore; path = ../.gitignore; sourceTree = "<group>"; };
		B011696D1FE3DE5E002D97C4 /* .travis.yml */ = {isa = PBXFileReference; lastKnownFileType = text; name = .travis.yml; path = ../.travis.yml; sourceTree = "<group>"; };
		B011696E1FE3DE5E002D97C4 /* .slather.yml */ = {isa = PBXFileReference; lastKnownFileType = text; name = .slather.yml; path = ../.slather.yml; sourceTree = "<group>"; };
		B011696F1FE3DE5E002D97C4 /* .swiftlint.yml */ = {isa = PBXFileReference; lastKnownFileType = text; name = .swiftlint.yml; path = ../.swiftlint.yml; sourceTree = "<group>"; };
		B01169701FE3DE5E002D97C4 /* .swift-version */ = {isa = PBXFileReference; lastKnownFileType = text; name = ".swift-version"; path = "../.swift-version"; sourceTree = "<group>"; };
		B01169711FE3DE5E002D97C4 /* .jazzy.yaml */ = {isa = PBXFileReference; lastKnownFileType = text; name = .jazzy.yaml; path = ../.jazzy.yaml; sourceTree = "<group>"; };
		B01169721FE3DE5E002D97C4 /* Podfile */ = {isa = PBXFileReference; lastKnownFileType = text; name = Podfile; path = ../Podfile; sourceTree = "<group>"; };
		B01169731FE3DE5E002D97C4 /* Gemfile */ = {isa = PBXFileReference; lastKnownFileType = text; name = Gemfile; path = ../Gemfile; sourceTree = "<group>"; };
		B01169741FE3DE5E002D97C4 /* fastlane */ = {isa = PBXFileReference; lastKnownFileType = folder; name = fastlane; path = ../fastlane; sourceTree = "<group>"; };
		B01169751FE3DE5E002D97C4 /* templateiOSApp.podspec */ = {isa = PBXFileReference; lastKnownFileType = text; path = templateiOSApp.podspec; sourceTree = SOURCE_ROOT; };
		B01169781FE3DE5E002D97C4 /* Base */ = {isa = PBXFileReference; lastKnownFileType = file.storyboard; name = Base; path = Base.lproj/Main.storyboard; sourceTree = "<group>"; };
		B011697B1FE3DE5E002D97C4 /* ViewController.swift */ = {isa = PBXFileReference; lastKnownFileType = sourcecode.swift; path = ViewController.swift; sourceTree = "<group>"; };
		B011697E1FE3DE5E002D97C4 /* Model.swift */ = {isa = PBXFileReference; lastKnownFileType = sourcecode.swift; path = Model.swift; sourceTree = "<group>"; };
		B01169801FE3DE5E002D97C4 /* Assets.xcassets */ = {isa = PBXFileReference; lastKnownFileType = folder.assetcatalog; path = Assets.xcassets; sourceTree = "<group>"; };
		B01169831FE3DE5E002D97C4 /* Base */ = {isa = PBXFileReference; lastKnownFileType = file.storyboard; name = Base; path = Base.lproj/LaunchScreen.storyboard; sourceTree = "<group>"; };
		B01169851FE3DE5E002D97C4 /* Info.plist */ = {isa = PBXFileReference; lastKnownFileType = text.plist.xml; path = Info.plist; sourceTree = "<group>"; };
		B011698A1FE3DE5E002D97C4 /* templateiOSAppTests.xctest */ = {isa = PBXFileReference; explicitFileType = wrapper.cfbundle; includeInIndex = 0; path = templateiOSAppTests.xctest; sourceTree = BUILT_PRODUCTS_DIR; };
		B011698E1FE3DE5E002D97C4 /* templateiOSAppTests.swift */ = {isa = PBXFileReference; lastKnownFileType = sourcecode.swift; path = templateiOSAppTests.swift; sourceTree = "<group>"; };
		B01169901FE3DE5E002D97C4 /* Info.plist */ = {isa = PBXFileReference; lastKnownFileType = text.plist.xml; path = Info.plist; sourceTree = "<group>"; };
		B01169951FE3DE5E002D97C4 /* templateiOSAppUITests.xctest */ = {isa = PBXFileReference; explicitFileType = wrapper.cfbundle; includeInIndex = 0; path = templateiOSAppUITests.xctest; sourceTree = BUILT_PRODUCTS_DIR; };
		B01169991FE3DE5E002D97C4 /* templateiOSAppUITests.swift */ = {isa = PBXFileReference; lastKnownFileType = sourcecode.swift; path = templateiOSAppUITests.swift; sourceTree = "<group>"; };
		B011699B1FE3DE5E002D97C4 /* Info.plist */ = {isa = PBXFileReference; lastKnownFileType = text.plist.xml; path = Info.plist; sourceTree = "<group>"; };
/* End PBXFileReference section */

/* Begin PBXFrameworksBuildPhase section */
		B01169601FE3DE5E002D97C4 /* Frameworks */ = {
			isa = PBXFrameworksBuildPhase;
			buildActionMask = 2147483647;
			files = (
			);
			runOnlyForDeploymentPostprocessing = 0;
		};
		B01169871FE3DE5E002D97C4 /* Frameworks */ = {
			isa = PBXFrameworksBuildPhase;
			buildActionMask = 2147483647;
			files = (
			);
			runOnlyForDeploymentPostprocessing = 0;
		};
		B01169921FE3DE5E002D97C4 /* Frameworks */ = {
			isa = PBXFrameworksBuildPhase;
			buildActionMask = 2147483647;
			files = (
			);
			runOnlyForDeploymentPostprocessing = 0;
		};
/* End PBXFrameworksBuildPhase section */

/* Begin PBXGroup section */
		B011695A1FE3DE5E002D97C4 = {
			isa = PBXGroup;
			children = (
				B01169651FE3DE5E002D97C4 /* templateiOSApp */,
				B011698D1FE3DE5E002D97C4 /* templateiOSAppTests */,
				B01169981FE3DE5E002D97C4 /* templateiOSAppUITests */,
				B01169641FE3DE5E002D97C4 /* Products */,
			);
			sourceTree = "<group>";
		};
		B01169641FE3DE5E002D97C4 /* Products */ = {
			isa = PBXGroup;
			children = (
				B01169631FE3DE5E002D97C4 /* templateiOSApp.app */,
				B011698A1FE3DE5E002D97C4 /* templateiOSAppTests.xctest */,
				B01169951FE3DE5E002D97C4 /* templateiOSAppUITests.xctest */,
			);
			name = Products;
			sourceTree = "<group>";
		};
		B01169651FE3DE5E002D97C4 /* templateiOSApp */ = {
			isa = PBXGroup;
			children = (
				B01169661FE3DE5E002D97C4 /* AppDelegate.swift */,
				B01169731FE3DE5E002D97C4 /* Gemfile */,
				B01169741FE3DE5E002D97C4 /* fastlane */,
				B01169801FE3DE5E002D97C4 /* Assets.xcassets */,
				B01169821FE3DE5E002D97C4 /* LaunchScreen.storyboard */,
				B01169851FE3DE5E002D97C4 /* Info.plist */,
				B01169761FE3DE5E002D97C4 /* Storyboards */,
				B011697A1FE3DE5E002D97C4 /* View Controllers */,
				B011697D1FE3DE5E002D97C4 /* Model */,
				B01169681FE3DE5E002D97C4 /* Supporting Files */,
			);
			path = templateiOSApp;
			sourceTree = "<group>";
		};
		B01169681FE3DE5E002D97C4 /* Supporting Files */ = {
			isa = PBXGroup;
			children = (
				B01169691FE3DE5E002D97C4 /* README.md */,
				B011696A1FE3DE5E002D97C4 /* LICENSE */,
				B011696B1FE3DE5E002D97C4 /* CHANGELOG.md */,
				B011696C1FE3DE5E002D97C4 /* .gitignore */,
				B011696D1FE3DE5E002D97C4 /* .travis.yml */,
				B011696E1FE3DE5E002D97C4 /* .slather.yml */,
				B011696F1FE3DE5E002D97C4 /* .swiftlint.yml */,
				B01169701FE3DE5E002D97C4 /* .swift-version */,
				B01169711FE3DE5E002D97C4 /* .jazzy.yaml */,
				B01169721FE3DE5E002D97C4 /* Podfile */,
				B01169751FE3DE5E002D97C4 /* templateiOSApp.podspec */,
			);
			name = "Supporting Files";
			sourceTree = "<group>";
		};
		B01169761FE3DE5E002D97C4 /* Storyboards */ = {
			isa = PBXGroup;
			children = (
				B01169771FE3DE5E002D97C4 /* Main.storyboard */,
			);
			name = Storyboards;
			sourceTree = "<group>";
		};
		B011697A1FE3DE5E002D97C4 /* View Controllers */ = {
			isa = PBXGroup;
			children = (
				B011697B1FE3DE5E002D97C4 /* ViewController.swift */,
			);
			name = "View Controllers";
			sourceTree = "<group>";
		};
		B011697D1FE3DE5E002D97C4 /* Model */ = {
			isa = PBXGroup;
			children = (
				B011697E1FE3DE5E002D97C4 /* Model.swift */,
			);
			name = Model;
			sourceTree = "<group>";
		};
		B011698D1FE3DE5E002D97C4 /* templateiOSAppTests */ = {
			isa = PBXGroup;
			children = (
				B011698E1FE3DE5E002D97C4 /* templateiOSAppTests.swift */,
				B01169901FE3DE5E002D97C4 /* Info.plist */,
			);
			path = templateiOSAppTests;
			sourceTree = "<group>";
		};
		B01169981FE3DE5E002D97C4 /* templateiOSAppUITests */ = {
			isa = PBXGroup;
			children = (
				B01169991FE3DE5E002D97C4 /* templateiOSAppUITests.swift */,
				B011699B1FE3DE5E002D97C4 /* Info.plist */,
			);
			path = templateiOSAppUITests;
			sourceTree = "<group>";
		};
/* End PBXGroup section */

/* Begin PBXNativeTarget section */
		B01169621FE3DE5E002D97C4 /* templateiOSApp */ = {
			isa = PBXNativeTarget;
			buildConfigurationList = B011699E1FE3DE5E002D97C4 /* Build configuration list for PBXNativeTarget "templateiOSApp" */;
			buildPhases = (
				B011695F1FE3DE5E002D97C4 /* Sources */,
				B01169601FE3DE5E002D97C4 /* Frameworks */,
				B01169611FE3DE5E002D97C4 /* Resources */,
			);
			buildRules = (
			);
			dependencies = (
			);
			name = templateiOSApp;
			productName = templateiOSApp;
			productReference = B01169631FE3DE5E002D97C4 /* templateiOSApp.app */;
			productType = "com.apple.product-type.application";
		};
		B01169891FE3DE5E002D97C4 /* templateiOSAppTests */ = {
			isa = PBXNativeTarget;
			buildConfigurationList = B01169A11FE3DE5E002D97C4 /* Build configuration list for PBXNativeTarget "templateiOSAppTests" */;
			buildPhases = (
				B01169861FE3DE5E002D97C4 /* Sources */,
				B01169871FE3DE5E002D97C4 /* Frameworks */,
				B01169881FE3DE5E002D97C4 /* Resources */,
			);
			buildRules = (
			);
			dependencies = (
				B011698C1FE3DE5E002D97C4 /* PBXTargetDependency */,
			);
			name = templateiOSAppTests;
			productName = templateiOSAppTests;
			productReference = B011698A1FE3DE5E002D97C4 /* templateiOSAppTests.xctest */;
			productType = "com.apple.product-type.bundle.unit-test";
		};
		B01169941FE3DE5E002D97C4 /* templateiOSAppUITests */ = {
			isa = PBXNativeTarget;
			buildConfigurationList = B01169A41FE3DE5E002D97C4 /* Build configuration list for PBXNativeTarget "templateiOSAppUITests" */;
			buildPhases = (
				B01169911FE3DE5E002D97C4 /* Sources */,
				B01169921FE3DE5E002D97C4 /* Frameworks */,
				B01169931FE3DE5E002D97C4 /* Resources */,
			);
			buildRules = (
			);
			dependencies = (
				B01169971FE3DE5E002D97C4 /* PBXTargetDependency */,
			);
			name = templateiOSAppUITests;
			productName = templateiOSAppUITests;
			productReference = B01169951FE3DE5E002D97C4 /* templateiOSAppUITests.xctest */;
			productType = "com.apple.product-type.bundle.ui-testing";
		};
/* End PBXNativeTarget section */

/* Begin PBXProject section */
		B011695B1FE3DE5E002D97C4 /* Project object */ = {
			isa = PBXProject;
			attributes = {
				LastSwiftUpdateCheck = 0920;
				LastUpgradeCheck = 0920;
				ORGANIZATIONNAME = "Gene De Lisa";
				TargetAttributes = {
					B01169621FE3DE5E002D97C4 = {
						CreatedOnToolsVersion = 9.2;
						ProvisioningStyle = Automatic;
					};
					B01169891FE3DE5E002D97C4 = {
						CreatedOnToolsVersion = 9.2;
						ProvisioningStyle = Automatic;
						TestTargetID = B01169621FE3DE5E002D97C4;
					};
					B01169941FE3DE5E002D97C4 = {
						CreatedOnToolsVersion = 9.2;
						ProvisioningStyle = Automatic;
						TestTargetID = B01169621FE3DE5E002D97C4;
					};
				};
			};
			buildConfigurationList = B011695E1FE3DE5E002D97C4 /* Build configuration list for PBXProject "templateiOSApp" */;
			compatibilityVersion = "Xcode 8.0";
			developmentRegion = en;
			hasScannedForEncodings = 0;
			knownRegions = (
				en,
				Base,
			);
			mainGroup = B011695A1FE3DE5E002D97C4;
			productRefGroup = B01169641FE3DE5E002D97C4 /* Products */;
			projectDirPath = "";
			projectRoot = "";
			targets = (
				B01169621FE3DE5E002D97C4 /* templateiOSApp */,
				B01169891FE3DE5E002D97C4 /* templateiOSAppTests */,
				B01169941FE3DE5E002D97C4 /* templateiOSAppUITests */,
			);
		};
/* End PBXProject section */

/* Begin PBXResourcesBuildPhase section */
		B01169611FE3DE5E002D97C4 /* Resources */ = {
			isa = PBXResourcesBuildPhase;
			buildActionMask = 2147483647;
			files = (
				B01169841FE3DE5E002D97C4 /* LaunchScreen.storyboard in Resources */,
				B01169811FE3DE5E002D97C4 /* Assets.xcassets in Resources */,
				B01169791FE3DE5E002D97C4 /* Main.storyboard in Resources */,
			);
			runOnlyForDeploymentPostprocessing = 0;
		};
		B01169881FE3DE5E002D97C4 /* Resources */ = {
			isa = PBXResourcesBuildPhase;
			buildActionMask = 2147483647;
			files = (
			);
			runOnlyForDeploymentPostprocessing = 0;
		};
		B01169931FE3DE5E002D97C4 /* Resources */ = {
			isa = PBXResourcesBuildPhase;
			buildActionMask = 2147483647;
			files = (
			);
			runOnlyForDeploymentPostprocessing = 0;
		};
/* End PBXResourcesBuildPhase section */

/* Begin PBXSourcesBuildPhase section */
		B011695F1FE3DE5E002D97C4 /* Sources */ = {
			isa = PBXSourcesBuildPhase;
			buildActionMask = 2147483647;
			files = (
				B011697F1FE3DE5E002D97C4 /* Model.swift in Sources */,
				B011697C1FE3DE5E002D97C4 /* ViewController.swift in Sources */,
				B01169671FE3DE5E002D97C4 /* AppDelegate.swift in Sources */,
			);
			runOnlyForDeploymentPostprocessing = 0;
		};
		B01169861FE3DE5E002D97C4 /* Sources */ = {
			isa = PBXSourcesBuildPhase;
			buildActionMask = 2147483647;
			files = (
				B011698F1FE3DE5E002D97C4 /* templateiOSAppTests.swift in Sources */,
			);
			runOnlyForDeploymentPostprocessing = 0;
		};
		B01169911FE3DE5E002D97C4 /* Sources */ = {
			isa = PBXSourcesBuildPhase;
			buildActionMask = 2147483647;
			files = (
				B011699A1FE3DE5E002D97C4 /* templateiOSAppUITests.swift in Sources */,
			);
			runOnlyForDeploymentPostprocessing = 0;
		};
/* End PBXSourcesBuildPhase section */

/* Begin PBXTargetDependency section */
		B011698C1FE3DE5E002D97C4 /* PBXTargetDependency */ = {
			isa = PBXTargetDependency;
			target = B01169621FE3DE5E002D97C4 /* templateiOSApp */;
			targetProxy = B011698B1FE3DE5E002D97C4 /* PBXContainerItemProxy */;
		};
		B01169971FE3DE5E002D97C4 /* PBXTargetDependency */ = {
			isa = PBXTargetDependency;
			target = B01169621FE3DE5E002D97C4 /* templateiOSApp */;
			targetProxy = B01169961FE3DE5E002D97C4 /* PBXContainerItemProxy */;
		};
/* End PBXTargetDependency section */

/* Begin PBXVariantGroup section */
		B01169771FE3DE5E002D97C4 /* Main.storyboard */ = {
			isa = PBXVariantGroup;
			children = (
				B01169781FE3DE5E002D97C4 /* Base */,
			);
			name = Main.storyboard;
			sourceTree = "<group>";
		};
		B01169821FE3DE5E002D97C4 /* LaunchScreen.storyboard */ = {
			isa = PBXVariantGroup;
			children = (
				B01169831FE3DE5E002D97C4 /* Base */,
			);
			name = LaunchScreen.storyboard;
			sourceTree = "<group>";
		};
/* End PBXVariantGroup section */

/* Begin XCBuildConfiguration section */
		B011699C1FE3DE5E002D97C4 /* Debug */ = {
			isa = XCBuildConfiguration;
			buildSettings = {
				ALWAYS_SEARCH_USER_PATHS = NO;
				CLANG_ANALYZER_NONNULL = YES;
				CLANG_ANALYZER_NUMBER_OBJECT_CONVERSION = YES_AGGRESSIVE;
				CLANG_CXX_LANGUAGE_STANDARD = "gnu++14";
				CLANG_CXX_LIBRARY = "libc++";
				CLANG_ENABLE_MODULES = YES;
				CLANG_ENABLE_OBJC_ARC = YES;
				CLANG_WARN_BLOCK_CAPTURE_AUTORELEASING = YES;
				CLANG_WARN_BOOL_CONVERSION = YES;
				CLANG_WARN_COMMA = YES;
				CLANG_WARN_CONSTANT_CONVERSION = YES;
				CLANG_WARN_DIRECT_OBJC_ISA_USAGE = YES_ERROR;
				CLANG_WARN_DOCUMENTATION_COMMENTS = YES;
				CLANG_WARN_EMPTY_BODY = YES;
				CLANG_WARN_ENUM_CONVERSION = YES;
				CLANG_WARN_INFINITE_RECURSION = YES;
				CLANG_WARN_INT_CONVERSION = YES;
				CLANG_WARN_NON_LITERAL_NULL_CONVERSION = YES;
				CLANG_WARN_OBJC_LITERAL_CONVERSION = YES;
				CLANG_WARN_OBJC_ROOT_CLASS = YES_ERROR;
				CLANG_WARN_RANGE_LOOP_ANALYSIS = YES;
				CLANG_WARN_STRICT_PROTOTYPES = YES;
				CLANG_WARN_SUSPICIOUS_MOVE = YES;
				CLANG_WARN_UNGUARDED_AVAILABILITY = YES_AGGRESSIVE;
				CLANG_WARN_UNREACHABLE_CODE = YES;
				CLANG_WARN__DUPLICATE_METHOD_MATCH = YES;
				CODE_SIGN_IDENTITY = "iPhone Developer";
				COPY_PHASE_STRIP = NO;
				DEBUG_INFORMATION_FORMAT = dwarf;
				ENABLE_STRICT_OBJC_MSGSEND = YES;
				ENABLE_TESTABILITY = YES;
				GCC_C_LANGUAGE_STANDARD = gnu11;
				GCC_DYNAMIC_NO_PIC = NO;
				GCC_NO_COMMON_BLOCKS = YES;
				GCC_OPTIMIZATION_LEVEL = 0;
				GCC_PREPROCESSOR_DEFINITIONS = (
					"DEBUG=1",
					"$(inherited)",
				);
				GCC_WARN_64_TO_32_BIT_CONVERSION = YES;
				GCC_WARN_ABOUT_RETURN_TYPE = YES_ERROR;
				GCC_WARN_UNDECLARED_SELECTOR = YES;
				GCC_WARN_UNINITIALIZED_AUTOS = YES_AGGRESSIVE;
				GCC_WARN_UNUSED_FUNCTION = YES;
				GCC_WARN_UNUSED_VARIABLE = YES;
				IPHONEOS_DEPLOYMENT_TARGET = 11.2;
				MTL_ENABLE_DEBUG_INFO = YES;
				ONLY_ACTIVE_ARCH = YES;
				SDKROOT = iphoneos;
				SWIFT_ACTIVE_COMPILATION_CONDITIONS = DEBUG;
				SWIFT_OPTIMIZATION_LEVEL = "-Onone";
			};
			name = Debug;
		};
		B011699D1FE3DE5E002D97C4 /* Release */ = {
			isa = XCBuildConfiguration;
			buildSettings = {
				ALWAYS_SEARCH_USER_PATHS = NO;
				CLANG_ANALYZER_NONNULL = YES;
				CLANG_ANALYZER_NUMBER_OBJECT_CONVERSION = YES_AGGRESSIVE;
				CLANG_CXX_LANGUAGE_STANDARD = "gnu++14";
				CLANG_CXX_LIBRARY = "libc++";
				CLANG_ENABLE_MODULES = YES;
				CLANG_ENABLE_OBJC_ARC = YES;
				CLANG_WARN_BLOCK_CAPTURE_AUTORELEASING = YES;
				CLANG_WARN_BOOL_CONVERSION = YES;
				CLANG_WARN_COMMA = YES;
				CLANG_WARN_CONSTANT_CONVERSION = YES;
				CLANG_WARN_DIRECT_OBJC_ISA_USAGE = YES_ERROR;
				CLANG_WARN_DOCUMENTATION_COMMENTS = YES;
				CLANG_WARN_EMPTY_BODY = YES;
				CLANG_WARN_ENUM_CONVERSION = YES;
				CLANG_WARN_INFINITE_RECURSION = YES;
				CLANG_WARN_INT_CONVERSION = YES;
				CLANG_WARN_NON_LITERAL_NULL_CONVERSION = YES;
				CLANG_WARN_OBJC_LITERAL_CONVERSION = YES;
				CLANG_WARN_OBJC_ROOT_CLASS = YES_ERROR;
				CLANG_WARN_RANGE_LOOP_ANALYSIS = YES;
				CLANG_WARN_STRICT_PROTOTYPES = YES;
				CLANG_WARN_SUSPICIOUS_MOVE = YES;
				CLANG_WARN_UNGUARDED_AVAILABILITY = YES_AGGRESSIVE;
				CLANG_WARN_UNREACHABLE_CODE = YES;
				CLANG_WARN__DUPLICATE_METHOD_MATCH = YES;
				CODE_SIGN_IDENTITY = "iPhone Developer";
				COPY_PHASE_STRIP = NO;
				DEBUG_INFORMATION_FORMAT = "dwarf-with-dsym";
				ENABLE_NS_ASSERTIONS = NO;
				ENABLE_STRICT_OBJC_MSGSEND = YES;
				GCC_C_LANGUAGE_STANDARD = gnu11;
				GCC_NO_COMMON_BLOCKS = YES;
				GCC_WARN_64_TO_32_BIT_CONVERSION = YES;
				GCC_WARN_ABOUT_RETURN_TYPE = YES_ERROR;
				GCC_WARN_UNDECLARED_SELECTOR = YES;
				GCC_WARN_UNINITIALIZED_AUTOS = YES_AGGRESSIVE;
				GCC_WARN_UNUSED_FUNCTION = YES;
				GCC_WARN_UNUSED_VARIABLE = YES;
				IPHONEOS_DEPLOYMENT_TARGET = 11.2;
				MTL_ENABLE_DEBUG_INFO = NO;
				SDKROOT = iphoneos;
				SWIFT_OPTIMIZATION_LEVEL = "-Owholemodule";
				VALIDATE_PRODUCT = YES;
			};
			name = Release;
		};
		B011699F1FE3DE5E002D97C4 /* Debug */ = {
			isa = XCBuildConfiguration;
			buildSettings = {
				ASSETCATALOG_COMPILER_APPICON_NAME = AppIcon;
				CODE_SIGN_STYLE = Automatic;
				CURRENT_PROJECT_VERSION = 1;
				DEVELOPMENT_TEAM = 4UDK2944TW;
				INFOPLIST_FILE = templateiOSApp/Info.plist;
				LD_RUNPATH_SEARCH_PATHS = "$(inherited) @executable_path/Frameworks";
				PRODUCT_BUNDLE_IDENTIFIER = com.rockhoppertech.templateiOSApp;
				PRODUCT_NAME = "$(TARGET_NAME)";
				SWIFT_VERSION = 4.0;
				TARGETED_DEVICE_FAMILY = "1,2";
				VERSIONING_SYSTEM = "apple-generic";
			};
			name = Debug;
		};
		B01169A01FE3DE5E002D97C4 /* Release */ = {
			isa = XCBuildConfiguration;
			buildSettings = {
				ASSETCATALOG_COMPILER_APPICON_NAME = AppIcon;
				CODE_SIGN_STYLE = Automatic;
				CURRENT_PROJECT_VERSION = 1;
				DEVELOPMENT_TEAM = 4UDK2944TW;
				INFOPLIST_FILE = templateiOSApp/Info.plist;
				LD_RUNPATH_SEARCH_PATHS = "$(inherited) @executable_path/Frameworks";
				PRODUCT_BUNDLE_IDENTIFIER = com.rockhoppertech.templateiOSApp;
				PRODUCT_NAME = "$(TARGET_NAME)";
				SWIFT_VERSION = 4.0;
				TARGETED_DEVICE_FAMILY = "1,2";
				VERSIONING_SYSTEM = "apple-generic";
			};
			name = Release;
		};
		B01169A21FE3DE5E002D97C4 /* Debug */ = {
			isa = XCBuildConfiguration;
			buildSettings = {
				ALWAYS_EMBED_SWIFT_STANDARD_LIBRARIES = YES;
				BUNDLE_LOADER = "$(TEST_HOST)";
				CODE_SIGN_STYLE = Automatic;
				DEVELOPMENT_TEAM = 4UDK2944TW;
				INFOPLIST_FILE = templateiOSAppTests/Info.plist;
				LD_RUNPATH_SEARCH_PATHS = "$(inherited) @executable_path/Frameworks @loader_path/Frameworks";
				PRODUCT_BUNDLE_IDENTIFIER = com.rockhoppertech.templateiOSAppTests;
				PRODUCT_NAME = "$(TARGET_NAME)";
				SWIFT_VERSION = 4.0;
				TARGETED_DEVICE_FAMILY = "1,2";
				TEST_HOST = "$(BUILT_PRODUCTS_DIR)/templateiOSApp.app/templateiOSApp";
			};
			name = Debug;
		};
		B01169A31FE3DE5E002D97C4 /* Release */ = {
			isa = XCBuildConfiguration;
			buildSettings = {
				ALWAYS_EMBED_SWIFT_STANDARD_LIBRARIES = YES;
				BUNDLE_LOADER = "$(TEST_HOST)";
				CODE_SIGN_STYLE = Automatic;
				DEVELOPMENT_TEAM = 4UDK2944TW;
				INFOPLIST_FILE = templateiOSAppTests/Info.plist;
				LD_RUNPATH_SEARCH_PATHS = "$(inherited) @executable_path/Frameworks @loader_path/Frameworks";
				PRODUCT_BUNDLE_IDENTIFIER = com.rockhoppertech.templateiOSAppTests;
				PRODUCT_NAME = "$(TARGET_NAME)";
				SWIFT_VERSION = 4.0;
				TARGETED_DEVICE_FAMILY = "1,2";
				TEST_HOST = "$(BUILT_PRODUCTS_DIR)/templateiOSApp.app/templateiOSApp";
			};
			name = Release;
		};
		B01169A51FE3DE5E002D97C4 /* Debug */ = {
			isa = XCBuildConfiguration;
			buildSettings = {
				ALWAYS_EMBED_SWIFT_STANDARD_LIBRARIES = YES;
				CODE_SIGN_STYLE = Automatic;
				DEVELOPMENT_TEAM = 4UDK2944TW;
				INFOPLIST_FILE = templateiOSAppUITests/Info.plist;
				LD_RUNPATH_SEARCH_PATHS = "$(inherited) @executable_path/Frameworks @loader_path/Frameworks";
				PRODUCT_BUNDLE_IDENTIFIER = com.rockhoppertech.templateiOSAppUITests;
				PRODUCT_NAME = "$(TARGET_NAME)";
				SWIFT_VERSION = 4.0;
				TARGETED_DEVICE_FAMILY = "1,2";
				TEST_TARGET_NAME = templateiOSApp;
			};
			name = Debug;
		};
		B01169A61FE3DE5E002D97C4 /* Release */ = {
			isa = XCBuildConfiguration;
			buildSettings = {
				ALWAYS_EMBED_SWIFT_STANDARD_LIBRARIES = YES;
				CODE_SIGN_STYLE = Automatic;
				DEVELOPMENT_TEAM = 4UDK2944TW;
				INFOPLIST_FILE = templateiOSAppUITests/Info.plist;
				LD_RUNPATH_SEARCH_PATHS = "$(inherited) @executable_path/Frameworks @loader_path/Frameworks";
				PRODUCT_BUNDLE_IDENTIFIER = com.rockhoppertech.templateiOSAppUITests;
				PRODUCT_NAME = "$(TARGET_NAME)";
				SWIFT_VERSION = 4.0;
				TARGETED_DEVICE_FAMILY = "1,2";
				TEST_TARGET_NAME = templateiOSApp;
			};
			name = Release;
		};
/* End XCBuildConfiguration section */

/* Begin XCConfigurationList section */
		B011695E1FE3DE5E002D97C4 /* Build configuration list for PBXProject "templateiOSApp" */ = {
			isa = XCConfigurationList;
			buildConfigurations = (
				B011699C1FE3DE5E002D97C4 /* Debug */,
				B011699D1FE3DE5E002D97C4 /* Release */,
			);
			defaultConfigurationIsVisible = 0;
			defaultConfigurationName = Release;
		};
		B011699E1FE3DE5E002D97C4 /* Build configuration list for PBXNativeTarget "templateiOSApp" */ = {
			isa = XCConfigurationList;
			buildConfigurations = (
				B011699F1FE3DE5E002D97C4 /* Debug */,
				B01169A01FE3DE5E002D97C4 /* Release */,
			);
			defaultConfigurationIsVisible = 0;
			defaultConfigurationName = Release;
		};
		B01169A11FE3DE5E002D97C4 /* Build configuration list for PBXNativeTarget "templateiOSAppTests" */ = {
			isa = XCConfigurationList;
			buildConfigurations = (
				B01169A21FE3DE5E002D97C4 /* Debug */,
				B01169A31FE3DE5E002D97C4 /* Release */,
			);
			defaultConfigurationIsVisible = 0;
			defaultConfigurationName = Release;
		};
		B01169A41FE3DE5E002D97C4 /* Build configuration list for PBXNativeTarget "templateiOSAppUITests" */ = {
			isa = XCConfigurationList;
			buildConfigurations = (
				B01169A51FE3DE5E002D97C4 /* Debug */,
				B01169A61FE3DE5E002D97C4 /* Release */,
			);
			defaultConfigurationIsVisible = 0;
			defaultConfigurationName = Release;
		};
/* End XCConfigurationList section */
	};
	rootObject = B011695B1FE3DE5E002D97C4 /* Project object */;
}
